
Microsoft Visual Studio Solution File, Format Version 12.00
# Visual Studio 15
VisualStudioVersion = 15.0.28010.2050
MinimumVisualStudioVersion = 10.0.40219.1
Project("{FAE04EC0-301F-11D3-BF4B-00C04F79EFBC}") = "Catering_Coodinator_MVC", "Catering_Coodinator_MVC\Catering_Coodinator_MVC.csproj", "{3CC5AA0C-23BD-4D88-8E69-9054A770D382}"
EndProject
Project("{FAE04EC0-301F-11D3-BF4B-00C04F79EFBC}") = "CateringCoordinator.Models", "CateringCoordinator.Models\CateringCoordinator.Models.csproj", "{B823D7C0-4203-410F-844D-3598DB2CD278}"
EndProject
Project("{FAE04EC0-301F-11D3-BF4B-00C04F79EFBC}") = "CateringCoordinator.Contracts", "CateringCoordinator.Contracts\CateringCoordinator.Contracts.csproj", "{5F6A2758-2CB6-4661-B857-C13306F4E4B0}"
EndProject
Project("{FAE04EC0-301F-11D3-BF4B-00C04F79EFBC}") = "CateringCoordinator.Services", "CateringCoordinator.Services\CateringCoordinator.Services.csproj", "{0EABEE16-90AC-47FB-8CE1-7C23B7BD98D6}"
EndProject
Project("{FAE04EC0-301F-11D3-BF4B-00C04F79EFBC}") = "CateringCoordinator.Data", "CateringCoordinator.Data\CateringCoordinator.Data.csproj", "{6E1F5521-AEB6-4B73-BC02-253AB44257D6}"
EndProject
Project("{FAE04EC0-301F-11D3-BF4B-00C04F79EFBC}") = "CateringCoordinator.Tests", "CateringCoordinator.Tests\CateringCoordinator.Tests.csproj", "{97974392-7332-4AF3-9186-DE401EABEB50}"
EndProject
Project("{FAE04EC0-301F-11D3-BF4B-00C04F79EFBC}") = "Catering_Coodinator.WebApi", "Catering_Coodinator.WebApi\Catering_Coodinator.WebApi.csproj", "{CCF6D6EB-B1AD-47D7-A514-6ECB6FA6E934}"
EndProject
Global
	GlobalSection(SolutionConfigurationPlatforms) = preSolution
		Debug|Any CPU = Debug|Any CPU
		Release|Any CPU = Release|Any CPU
	EndGlobalSection
	GlobalSection(ProjectConfigurationPlatforms) = postSolution
		{3CC5AA0C-23BD-4D88-8E69-9054A770D382}.Debug|Any CPU.ActiveCfg = Debug|Any CPU
		{3CC5AA0C-23BD-4D88-8E69-9054A770D382}.Debug|Any CPU.Build.0 = Debug|Any CPU
		{3CC5AA0C-23BD-4D88-8E69-9054A770D382}.Release|Any CPU.ActiveCfg = Release|Any CPU
		{3CC5AA0C-23BD-4D88-8E69-9054A770D382}.Release|Any CPU.Build.0 = Release|Any CPU
		{B823D7C0-4203-410F-844D-3598DB2CD278}.Debug|Any CPU.ActiveCfg = Debug|Any CPU
		{B823D7C0-4203-410F-844D-3598DB2CD278}.Debug|Any CPU.Build.0 = Debug|Any CPU
		{B823D7C0-4203-410F-844D-3598DB2CD278}.Release|Any CPU.ActiveCfg = Release|Any CPU
		{B823D7C0-4203-410F-844D-3598DB2CD278}.Release|Any CPU.Build.0 = Release|Any CPU
		{5F6A2758-2CB6-4661-B857-C13306F4E4B0}.Debug|Any CPU.ActiveCfg = Debug|Any CPU
		{5F6A2758-2CB6-4661-B857-C13306F4E4B0}.Debug|Any CPU.Build.0 = Debug|Any CPU
		{5F6A2758-2CB6-4661-B857-C13306F4E4B0}.Release|Any CPU.ActiveCfg = Release|Any CPU
		{5F6A2758-2CB6-4661-B857-C13306F4E4B0}.Release|Any CPU.Build.0 = Release|Any CPU
		{0EABEE16-90AC-47FB-8CE1-7C23B7BD98D6}.Debug|Any CPU.ActiveCfg = Debug|Any CPU
		{0EABEE16-90AC-47FB-8CE1-7C23B7BD98D6}.Debug|Any CPU.Build.0 = Debug|Any CPU
		{0EABEE16-90AC-47FB-8CE1-7C23B7BD98D6}.Release|Any CPU.ActiveCfg = Release|Any CPU
		{0EABEE16-90AC-47FB-8CE1-7C23B7BD98D6}.Release|Any CPU.Build.0 = Release|Any CPU
		{6E1F5521-AEB6-4B73-BC02-253AB44257D6}.Debug|Any CPU.ActiveCfg = Debug|Any CPU
		{6E1F5521-AEB6-4B73-BC02-253AB44257D6}.Debug|Any CPU.Build.0 = Debug|Any CPU
		{6E1F5521-AEB6-4B73-BC02-253AB44257D6}.Release|Any CPU.ActiveCfg = Release|Any CPU
		{6E1F5521-AEB6-4B73-BC02-253AB44257D6}.Release|Any CPU.Build.0 = Release|Any CPU
		{97974392-7332-4AF3-9186-DE401EABEB50}.Debug|Any CPU.ActiveCfg = Debug|Any CPU
		{97974392-7332-4AF3-9186-DE401EABEB50}.Debug|Any CPU.Build.0 = Debug|Any CPU
		{97974392-7332-4AF3-9186-DE401EABEB50}.Release|Any CPU.ActiveCfg = Release|Any CPU
		{97974392-7332-4AF3-9186-DE401EABEB50}.Release|Any CPU.Build.0 = Release|Any CPU
		{CCF6D6EB-B1AD-47D7-A514-6ECB6FA6E934}.Debug|Any CPU.ActiveCfg = Debug|Any CPU
		{CCF6D6EB-B1AD-47D7-A514-6ECB6FA6E934}.Debug|Any CPU.Build.0 = Debug|Any CPU
		{CCF6D6EB-B1AD-47D7-A514-6ECB6FA6E934}.Release|Any CPU.ActiveCfg = Release|Any CPU
		{CCF6D6EB-B1AD-47D7-A514-6ECB6FA6E934}.Release|Any CPU.Build.0 = Release|Any CPU
	EndGlobalSection
	GlobalSection(SolutionProperties) = preSolution
		HideSolutionNode = FALSE
	EndGlobalSection
	GlobalSection(ExtensibilityGlobals) = postSolution
		SolutionGuid = {986235AA-C704-4A7B-8D3A-1B3E43AF67A1}
	EndGlobalSection
EndGlobal
